// !$*UTF8*$!
{
	archiveVersion = 1;
	classes = {
	};
	objectVersion = 51;
	objects = {

/* Begin PBXBuildFile section */
		7C302E0A258DBDF60071471D /* AppDelegate.swift in Sources */ = {isa = PBXBuildFile; fileRef = 7C302E09258DBDF60071471D /* AppDelegate.swift */; };
		7C302E0E258DBDF60071471D /* HomeVC.swift in Sources */ = {isa = PBXBuildFile; fileRef = 7C302E0D258DBDF60071471D /* HomeVC.swift */; };
		7C302E13258DBDF80071471D /* Assets.xcassets in Resources */ = {isa = PBXBuildFile; fileRef = 7C302E12258DBDF80071471D /* Assets.xcassets */; };
		7C302E16258DBDF80071471D /* LaunchScreen.storyboard in Resources */ = {isa = PBXBuildFile; fileRef = 7C302E14258DBDF80071471D /* LaunchScreen.storyboard */; };
		7C302E28258DC2750071471D /* Movie.swift in Sources */ = {isa = PBXBuildFile; fileRef = 7C302E27258DC2750071471D /* Movie.swift */; };
		7C302E2B258DC3170071471D /* PopularMoviesResponse.swift in Sources */ = {isa = PBXBuildFile; fileRef = 7C302E2A258DC3170071471D /* PopularMoviesResponse.swift */; };
		7C302E2E258DC34A0071471D /* MovieLanguage.swift in Sources */ = {isa = PBXBuildFile; fileRef = 7C302E2D258DC34A0071471D /* MovieLanguage.swift */; };
		7C302E34258DC3B20071471D /* Constants.swift in Sources */ = {isa = PBXBuildFile; fileRef = 7C302E33258DC3B20071471D /* Constants.swift */; };
		7C302E37258DC45D0071471D /* PopularMoviesRequest.swift in Sources */ = {isa = PBXBuildFile; fileRef = 7C302E36258DC45D0071471D /* PopularMoviesRequest.swift */; };
		7C302E3C258DC5490071471D /* APIClient.swift in Sources */ = {isa = PBXBuildFile; fileRef = 7C302E3A258DC5490071471D /* APIClient.swift */; };
		7C302E3D258DC5490071471D /* APIEndpoint.swift in Sources */ = {isa = PBXBuildFile; fileRef = 7C302E3B258DC5490071471D /* APIEndpoint.swift */; };
		7C302E44258DC5EB0071471D /* Data+Extensions.swift in Sources */ = {isa = PBXBuildFile; fileRef = 7C302E43258DC5EB0071471D /* Data+Extensions.swift */; };
		7C302E47258DC62A0071471D /* HTTPContentType.swift in Sources */ = {isa = PBXBuildFile; fileRef = 7C302E46258DC62A0071471D /* HTTPContentType.swift */; };
		7C302E4A258DC6530071471D /* HTTPHeaderField.swift in Sources */ = {isa = PBXBuildFile; fileRef = 7C302E49258DC6530071471D /* HTTPHeaderField.swift */; };
		7C302E50258DC6BE0071471D /* MovieServiceRemote.swift in Sources */ = {isa = PBXBuildFile; fileRef = 7C302E4F258DC6BE0071471D /* MovieServiceRemote.swift */; };
		7C302E54258DCA700071471D /* Encodable+Extensions.swift in Sources */ = {isa = PBXBuildFile; fileRef = 7C302E53258DCA700071471D /* Encodable+Extensions.swift */; };
		7C302E57258DCBC50071471D /* MovieService.swift in Sources */ = {isa = PBXBuildFile; fileRef = 7C302E56258DCBC50071471D /* MovieService.swift */; };
		7C302E61258DCCC70071471D /* LogFormatter.swift in Sources */ = {isa = PBXBuildFile; fileRef = 7C302E60258DCCC70071471D /* LogFormatter.swift */; };
		7C302E68258DCDD90071471D /* ReusableView.swift in Sources */ = {isa = PBXBuildFile; fileRef = 7C302E64258DCDD80071471D /* ReusableView.swift */; };
		7C302E69258DCDD90071471D /* NibBased.swift in Sources */ = {isa = PBXBuildFile; fileRef = 7C302E65258DCDD90071471D /* NibBased.swift */; };
		7C302E6A258DCDD90071471D /* UITableView+Convenience.swift in Sources */ = {isa = PBXBuildFile; fileRef = 7C302E66258DCDD90071471D /* UITableView+Convenience.swift */; };
		7C302E6B258DCDD90071471D /* StoryboardBased.swift in Sources */ = {isa = PBXBuildFile; fileRef = 7C302E67258DCDD90071471D /* StoryboardBased.swift */; };
		7C302E72258DCE6B0071471D /* HomeVC.storyboard in Resources */ = {isa = PBXBuildFile; fileRef = 7C302E71258DCE6B0071471D /* HomeVC.storyboard */; };
		7C302E7E258DD0820071471D /* MovieCell.swift in Sources */ = {isa = PBXBuildFile; fileRef = 7C302E7C258DD0820071471D /* MovieCell.swift */; };
		7C302E7F258DD0820071471D /* MovieCell.xib in Resources */ = {isa = PBXBuildFile; fileRef = 7C302E7D258DD0820071471D /* MovieCell.xib */; };
		7C302E83258DD7020071471D /* HomeSceneTableHeaderView.swift in Sources */ = {isa = PBXBuildFile; fileRef = 7C302E82258DD7020071471D /* HomeSceneTableHeaderView.swift */; };
		7C302E86258DD72B0071471D /* HomeSceneTableHeaderView.xib in Resources */ = {isa = PBXBuildFile; fileRef = 7C302E85258DD72B0071471D /* HomeSceneTableHeaderView.xib */; };
		7C302E89258DDA210071471D /* HomeNavVC.swift in Sources */ = {isa = PBXBuildFile; fileRef = 7C302E88258DDA210071471D /* HomeNavVC.swift */; };
		7C302E8F258DDB0D0071471D /* AppStrings.swift in Sources */ = {isa = PBXBuildFile; fileRef = 7C302E8E258DDB0D0071471D /* AppStrings.swift */; };
		7C302E96258DDDCC0071471D /* GlobalHelpers.swift in Sources */ = {isa = PBXBuildFile; fileRef = 7C302E95258DDDCC0071471D /* GlobalHelpers.swift */; };
		7C302E9A258DDF260071471D /* ViewControllerFactory.swift in Sources */ = {isa = PBXBuildFile; fileRef = 7C302E99258DDF260071471D /* ViewControllerFactory.swift */; };
		7C302E9E258DE0EA0071471D /* UIImage+Extensions.swift in Sources */ = {isa = PBXBuildFile; fileRef = 7C302E9D258DE0EA0071471D /* UIImage+Extensions.swift */; };
		7C302EA1258DE6660071471D /* DateHelper.swift in Sources */ = {isa = PBXBuildFile; fileRef = 7C302EA0258DE6660071471D /* DateHelper.swift */; };
		DA92BA6C726C43CCF86138C0 /* Pods_Grameenphone.framework in Frameworks */ = {isa = PBXBuildFile; fileRef = 6CF9DC214318860404AE0764 /* Pods_Grameenphone.framework */; };
/* End PBXBuildFile section */

/* Begin PBXFileReference section */
		6CF9DC214318860404AE0764 /* Pods_Grameenphone.framework */ = {isa = PBXFileReference; explicitFileType = wrapper.framework; includeInIndex = 0; path = Pods_Grameenphone.framework; sourceTree = BUILT_PRODUCTS_DIR; };
		7C302E06258DBDF60071471D /* Grameenphone.app */ = {isa = PBXFileReference; explicitFileType = wrapper.application; includeInIndex = 0; path = Grameenphone.app; sourceTree = BUILT_PRODUCTS_DIR; };
		7C302E09258DBDF60071471D /* AppDelegate.swift */ = {isa = PBXFileReference; lastKnownFileType = sourcecode.swift; path = AppDelegate.swift; sourceTree = "<group>"; };
		7C302E0D258DBDF60071471D /* HomeVC.swift */ = {isa = PBXFileReference; lastKnownFileType = sourcecode.swift; path = HomeVC.swift; sourceTree = "<group>"; };
		7C302E12258DBDF80071471D /* Assets.xcassets */ = {isa = PBXFileReference; lastKnownFileType = folder.assetcatalog; path = Assets.xcassets; sourceTree = "<group>"; };
		7C302E15258DBDF80071471D /* Base */ = {isa = PBXFileReference; lastKnownFileType = file.storyboard; name = Base; path = Base.lproj/LaunchScreen.storyboard; sourceTree = "<group>"; };
		7C302E17258DBDF80071471D /* Info.plist */ = {isa = PBXFileReference; lastKnownFileType = text.plist.xml; path = Info.plist; sourceTree = "<group>"; };
		7C302E27258DC2750071471D /* Movie.swift */ = {isa = PBXFileReference; lastKnownFileType = sourcecode.swift; path = Movie.swift; sourceTree = "<group>"; };
		7C302E2A258DC3170071471D /* PopularMoviesResponse.swift */ = {isa = PBXFileReference; lastKnownFileType = sourcecode.swift; path = PopularMoviesResponse.swift; sourceTree = "<group>"; };
		7C302E2D258DC34A0071471D /* MovieLanguage.swift */ = {isa = PBXFileReference; lastKnownFileType = sourcecode.swift; path = MovieLanguage.swift; sourceTree = "<group>"; };
		7C302E33258DC3B20071471D /* Constants.swift */ = {isa = PBXFileReference; lastKnownFileType = sourcecode.swift; path = Constants.swift; sourceTree = "<group>"; };
		7C302E36258DC45D0071471D /* PopularMoviesRequest.swift */ = {isa = PBXFileReference; lastKnownFileType = sourcecode.swift; path = PopularMoviesRequest.swift; sourceTree = "<group>"; };
		7C302E3A258DC5490071471D /* APIClient.swift */ = {isa = PBXFileReference; fileEncoding = 4; lastKnownFileType = sourcecode.swift; path = APIClient.swift; sourceTree = "<group>"; };
		7C302E3B258DC5490071471D /* APIEndpoint.swift */ = {isa = PBXFileReference; fileEncoding = 4; lastKnownFileType = sourcecode.swift; path = APIEndpoint.swift; sourceTree = "<group>"; };
		7C302E43258DC5EB0071471D /* Data+Extensions.swift */ = {isa = PBXFileReference; fileEncoding = 4; lastKnownFileType = sourcecode.swift; path = "Data+Extensions.swift"; sourceTree = "<group>"; };
		7C302E46258DC62A0071471D /* HTTPContentType.swift */ = {isa = PBXFileReference; lastKnownFileType = sourcecode.swift; path = HTTPContentType.swift; sourceTree = "<group>"; };
		7C302E49258DC6530071471D /* HTTPHeaderField.swift */ = {isa = PBXFileReference; lastKnownFileType = sourcecode.swift; path = HTTPHeaderField.swift; sourceTree = "<group>"; };
		7C302E4F258DC6BE0071471D /* MovieServiceRemote.swift */ = {isa = PBXFileReference; lastKnownFileType = sourcecode.swift; path = MovieServiceRemote.swift; sourceTree = "<group>"; };
		7C302E53258DCA700071471D /* Encodable+Extensions.swift */ = {isa = PBXFileReference; lastKnownFileType = sourcecode.swift; path = "Encodable+Extensions.swift"; sourceTree = "<group>"; };
		7C302E56258DCBC50071471D /* MovieService.swift */ = {isa = PBXFileReference; lastKnownFileType = sourcecode.swift; path = MovieService.swift; sourceTree = "<group>"; };
		7C302E60258DCCC70071471D /* LogFormatter.swift */ = {isa = PBXFileReference; fileEncoding = 4; lastKnownFileType = sourcecode.swift; path = LogFormatter.swift; sourceTree = "<group>"; };
		7C302E64258DCDD80071471D /* ReusableView.swift */ = {isa = PBXFileReference; fileEncoding = 4; lastKnownFileType = sourcecode.swift; path = ReusableView.swift; sourceTree = "<group>"; };
		7C302E65258DCDD90071471D /* NibBased.swift */ = {isa = PBXFileReference; fileEncoding = 4; lastKnownFileType = sourcecode.swift; path = NibBased.swift; sourceTree = "<group>"; };
		7C302E66258DCDD90071471D /* UITableView+Convenience.swift */ = {isa = PBXFileReference; fileEncoding = 4; lastKnownFileType = sourcecode.swift; path = "UITableView+Convenience.swift"; sourceTree = "<group>"; };
		7C302E67258DCDD90071471D /* StoryboardBased.swift */ = {isa = PBXFileReference; fileEncoding = 4; lastKnownFileType = sourcecode.swift; path = StoryboardBased.swift; sourceTree = "<group>"; };
		7C302E71258DCE6B0071471D /* HomeVC.storyboard */ = {isa = PBXFileReference; lastKnownFileType = file.storyboard; path = HomeVC.storyboard; sourceTree = "<group>"; };
		7C302E7C258DD0820071471D /* MovieCell.swift */ = {isa = PBXFileReference; lastKnownFileType = sourcecode.swift; path = MovieCell.swift; sourceTree = "<group>"; };
		7C302E7D258DD0820071471D /* MovieCell.xib */ = {isa = PBXFileReference; lastKnownFileType = file.xib; path = MovieCell.xib; sourceTree = "<group>"; };
		7C302E82258DD7020071471D /* HomeSceneTableHeaderView.swift */ = {isa = PBXFileReference; lastKnownFileType = sourcecode.swift; path = HomeSceneTableHeaderView.swift; sourceTree = "<group>"; };
		7C302E85258DD72B0071471D /* HomeSceneTableHeaderView.xib */ = {isa = PBXFileReference; lastKnownFileType = file.xib; path = HomeSceneTableHeaderView.xib; sourceTree = "<group>"; };
		7C302E88258DDA210071471D /* HomeNavVC.swift */ = {isa = PBXFileReference; lastKnownFileType = sourcecode.swift; path = HomeNavVC.swift; sourceTree = "<group>"; };
		7C302E8E258DDB0D0071471D /* AppStrings.swift */ = {isa = PBXFileReference; lastKnownFileType = sourcecode.swift; path = AppStrings.swift; sourceTree = "<group>"; };
		7C302E95258DDDCC0071471D /* GlobalHelpers.swift */ = {isa = PBXFileReference; lastKnownFileType = sourcecode.swift; path = GlobalHelpers.swift; sourceTree = "<group>"; };
		7C302E99258DDF260071471D /* ViewControllerFactory.swift */ = {isa = PBXFileReference; lastKnownFileType = sourcecode.swift; path = ViewControllerFactory.swift; sourceTree = "<group>"; };
		7C302E9D258DE0EA0071471D /* UIImage+Extensions.swift */ = {isa = PBXFileReference; lastKnownFileType = sourcecode.swift; path = "UIImage+Extensions.swift"; sourceTree = "<group>"; };
		7C302EA0258DE6660071471D /* DateHelper.swift */ = {isa = PBXFileReference; fileEncoding = 4; lastKnownFileType = sourcecode.swift; path = DateHelper.swift; sourceTree = "<group>"; };
		884BF33E7F8572A432D3FEF2 /* Pods-Grameenphone.debug.xcconfig */ = {isa = PBXFileReference; includeInIndex = 1; lastKnownFileType = text.xcconfig; name = "Pods-Grameenphone.debug.xcconfig"; path = "Target Support Files/Pods-Grameenphone/Pods-Grameenphone.debug.xcconfig"; sourceTree = "<group>"; };
		BB10477B0A1260BD1D09F340 /* Pods-Grameenphone.release.xcconfig */ = {isa = PBXFileReference; includeInIndex = 1; lastKnownFileType = text.xcconfig; name = "Pods-Grameenphone.release.xcconfig"; path = "Target Support Files/Pods-Grameenphone/Pods-Grameenphone.release.xcconfig"; sourceTree = "<group>"; };
/* End PBXFileReference section */

/* Begin PBXFrameworksBuildPhase section */
		7C302E03258DBDF60071471D /* Frameworks */ = {
			isa = PBXFrameworksBuildPhase;
			buildActionMask = 2147483647;
			files = (
				DA92BA6C726C43CCF86138C0 /* Pods_Grameenphone.framework in Frameworks */,
			);
			runOnlyForDeploymentPostprocessing = 0;
		};
/* End PBXFrameworksBuildPhase section */

/* Begin PBXGroup section */
		2FDB3B191A117A4A2BACCF82 /* Pods */ = {
			isa = PBXGroup;
			children = (
				884BF33E7F8572A432D3FEF2 /* Pods-Grameenphone.debug.xcconfig */,
				BB10477B0A1260BD1D09F340 /* Pods-Grameenphone.release.xcconfig */,
			);
			path = Pods;
			sourceTree = "<group>";
		};
		7C302DFD258DBDF60071471D = {
			isa = PBXGroup;
			children = (
				7C302E08258DBDF60071471D /* Grameenphone */,
				7C302E07258DBDF60071471D /* Products */,
				2FDB3B191A117A4A2BACCF82 /* Pods */,
				CF4FD83F2CDEC7A0A07D568E /* Frameworks */,
			);
			sourceTree = "<group>";
		};
		7C302E07258DBDF60071471D /* Products */ = {
			isa = PBXGroup;
			children = (
				7C302E06258DBDF60071471D /* Grameenphone.app */,
			);
			name = Products;
			sourceTree = "<group>";
		};
		7C302E08258DBDF60071471D /* Grameenphone */ = {
			isa = PBXGroup;
			children = (
				7C302E98258DDF150071471D /* App */,
				7C302E40258DC5780071471D /* Utils */,
				7C302E32258DC3990071471D /* Configurations */,
				7C302E31258DC38E0071471D /* Networking */,
				7C302E4E258DC6980071471D /* Services */,
				7C302E26258DC2600071471D /* Models */,
				7C302E6D258DCE130071471D /* Scenes */,
				7C302E12258DBDF80071471D /* Assets.xcassets */,
				7C302E14258DBDF80071471D /* LaunchScreen.storyboard */,
				7C302E17258DBDF80071471D /* Info.plist */,
			);
			path = Grameenphone;
			sourceTree = "<group>";
		};
		7C302E26258DC2600071471D /* Models */ = {
			isa = PBXGroup;
			children = (
				7C302E27258DC2750071471D /* Movie.swift */,
				7C302E2D258DC34A0071471D /* MovieLanguage.swift */,
				7C302E36258DC45D0071471D /* PopularMoviesRequest.swift */,
				7C302E2A258DC3170071471D /* PopularMoviesResponse.swift */,
			);
			path = Models;
			sourceTree = "<group>";
		};
		7C302E31258DC38E0071471D /* Networking */ = {
			isa = PBXGroup;
			children = (
				7C302E46258DC62A0071471D /* HTTPContentType.swift */,
				7C302E49258DC6530071471D /* HTTPHeaderField.swift */,
				7C302E3A258DC5490071471D /* APIClient.swift */,
				7C302E3B258DC5490071471D /* APIEndpoint.swift */,
			);
			path = Networking;
			sourceTree = "<group>";
		};
		7C302E32258DC3990071471D /* Configurations */ = {
			isa = PBXGroup;
			children = (
				7C302E33258DC3B20071471D /* Constants.swift */,
				7C302E8E258DDB0D0071471D /* AppStrings.swift */,
			);
			path = Configurations;
			sourceTree = "<group>";
		};
		7C302E3F258DC5660071471D /* Extensions */ = {
			isa = PBXGroup;
			children = (
				7C302EA0258DE6660071471D /* DateHelper.swift */,
				7C302E43258DC5EB0071471D /* Data+Extensions.swift */,
				7C302E53258DCA700071471D /* Encodable+Extensions.swift */,
				7C302E9D258DE0EA0071471D /* UIImage+Extensions.swift */,
			);
			path = Extensions;
			sourceTree = "<group>";
		};
		7C302E40258DC5780071471D /* Utils */ = {
			isa = PBXGroup;
			children = (
				7C302E63258DCDC90071471D /* Mixins */,
				7C302E3F258DC5660071471D /* Extensions */,
				7C302E60258DCCC70071471D /* LogFormatter.swift */,
				7C302E95258DDDCC0071471D /* GlobalHelpers.swift */,
			);
			path = Utils;
			sourceTree = "<group>";
		};
		7C302E4E258DC6980071471D /* Services */ = {
			isa = PBXGroup;
			children = (
				7C302E56258DCBC50071471D /* MovieService.swift */,
				7C302E4F258DC6BE0071471D /* MovieServiceRemote.swift */,
			);
			path = Services;
			sourceTree = "<group>";
		};
		7C302E63258DCDC90071471D /* Mixins */ = {
			isa = PBXGroup;
			children = (
				7C302E65258DCDD90071471D /* NibBased.swift */,
				7C302E64258DCDD80071471D /* ReusableView.swift */,
				7C302E67258DCDD90071471D /* StoryboardBased.swift */,
				7C302E66258DCDD90071471D /* UITableView+Convenience.swift */,
			);
			path = Mixins;
			sourceTree = "<group>";
		};
		7C302E6D258DCE130071471D /* Scenes */ = {
			isa = PBXGroup;
			children = (
				7C302E6F258DCE340071471D /* Home */,
			);
			path = Scenes;
			sourceTree = "<group>";
		};
		7C302E6F258DCE340071471D /* Home */ = {
			isa = PBXGroup;
			children = (
				7C302E7C258DD0820071471D /* MovieCell.swift */,
				7C302E7D258DD0820071471D /* MovieCell.xib */,
				7C302E82258DD7020071471D /* HomeSceneTableHeaderView.swift */,
				7C302E85258DD72B0071471D /* HomeSceneTableHeaderView.xib */,
				7C302E71258DCE6B0071471D /* HomeVC.storyboard */,
				7C302E0D258DBDF60071471D /* HomeVC.swift */,
				7C302E88258DDA210071471D /* HomeNavVC.swift */,
			);
			path = Home;
			sourceTree = "<group>";
		};
		7C302E98258DDF150071471D /* App */ = {
			isa = PBXGroup;
			children = (
				7C302E99258DDF260071471D /* ViewControllerFactory.swift */,
				7C302E09258DBDF60071471D /* AppDelegate.swift */,
			);
			path = App;
			sourceTree = "<group>";
		};
		CF4FD83F2CDEC7A0A07D568E /* Frameworks */ = {
			isa = PBXGroup;
			children = (
				6CF9DC214318860404AE0764 /* Pods_Grameenphone.framework */,
			);
			name = Frameworks;
			sourceTree = "<group>";
		};
/* End PBXGroup section */

/* Begin PBXNativeTarget section */
		7C302E05258DBDF60071471D /* Grameenphone */ = {
			isa = PBXNativeTarget;
			buildConfigurationList = 7C302E1A258DBDF80071471D /* Build configuration list for PBXNativeTarget "Grameenphone" */;
			buildPhases = (
				CB5D79EE1620AA661677BA97 /* [CP] Check Pods Manifest.lock */,
				7C302E02258DBDF60071471D /* Sources */,
				7C302E03258DBDF60071471D /* Frameworks */,
				7C302E04258DBDF60071471D /* Resources */,
				5B6883265E28059F5059EC8E /* [CP] Embed Pods Frameworks */,
			);
			buildRules = (
			);
			dependencies = (
			);
			name = Grameenphone;
			productName = Grameenphone;
			productReference = 7C302E06258DBDF60071471D /* Grameenphone.app */;
			productType = "com.apple.product-type.application";
		};
/* End PBXNativeTarget section */

/* Begin PBXProject section */
		7C302DFE258DBDF60071471D /* Project object */ = {
			isa = PBXProject;
			attributes = {
				LastSwiftUpdateCheck = 1210;
				LastUpgradeCheck = 1210;
				TargetAttributes = {
					7C302E05258DBDF60071471D = {
						CreatedOnToolsVersion = 12.1;
					};
				};
			};
			buildConfigurationList = 7C302E01258DBDF60071471D /* Build configuration list for PBXProject "Grameenphone" */;
			compatibilityVersion = "Xcode 9.3";
			developmentRegion = en;
			hasScannedForEncodings = 0;
			knownRegions = (
				en,
				Base,
			);
			mainGroup = 7C302DFD258DBDF60071471D;
			productRefGroup = 7C302E07258DBDF60071471D /* Products */;
			projectDirPath = "";
			projectRoot = "";
			targets = (
				7C302E05258DBDF60071471D /* Grameenphone */,
			);
		};
/* End PBXProject section */

/* Begin PBXResourcesBuildPhase section */
		7C302E04258DBDF60071471D /* Resources */ = {
			isa = PBXResourcesBuildPhase;
			buildActionMask = 2147483647;
			files = (
				7C302E16258DBDF80071471D /* LaunchScreen.storyboard in Resources */,
				7C302E86258DD72B0071471D /* HomeSceneTableHeaderView.xib in Resources */,
				7C302E72258DCE6B0071471D /* HomeVC.storyboard in Resources */,
				7C302E7F258DD0820071471D /* MovieCell.xib in Resources */,
				7C302E13258DBDF80071471D /* Assets.xcassets in Resources */,
			);
			runOnlyForDeploymentPostprocessing = 0;
		};
/* End PBXResourcesBuildPhase section */

/* Begin PBXShellScriptBuildPhase section */
		5B6883265E28059F5059EC8E /* [CP] Embed Pods Frameworks */ = {
			isa = PBXShellScriptBuildPhase;
			buildActionMask = 2147483647;
			files = (
			);
			inputFileListPaths = (
				"${PODS_ROOT}/Target Support Files/Pods-Grameenphone/Pods-Grameenphone-frameworks-${CONFIGURATION}-input-files.xcfilelist",
			);
			name = "[CP] Embed Pods Frameworks";
			outputFileListPaths = (
				"${PODS_ROOT}/Target Support Files/Pods-Grameenphone/Pods-Grameenphone-frameworks-${CONFIGURATION}-output-files.xcfilelist",
			);
			runOnlyForDeploymentPostprocessing = 0;
			shellPath = /bin/sh;
			shellScript = "\"${PODS_ROOT}/Target Support Files/Pods-Grameenphone/Pods-Grameenphone-frameworks.sh\"\n";
			showEnvVarsInLog = 0;
		};
		CB5D79EE1620AA661677BA97 /* [CP] Check Pods Manifest.lock */ = {
			isa = PBXShellScriptBuildPhase;
			buildActionMask = 2147483647;
			files = (
			);
			inputFileListPaths = (
			);
			inputPaths = (
				"${PODS_PODFILE_DIR_PATH}/Podfile.lock",
				"${PODS_ROOT}/Manifest.lock",
			);
			name = "[CP] Check Pods Manifest.lock";
			outputFileListPaths = (
			);
			outputPaths = (
				"$(DERIVED_FILE_DIR)/Pods-Grameenphone-checkManifestLockResult.txt",
			);
			runOnlyForDeploymentPostprocessing = 0;
			shellPath = /bin/sh;
			shellScript = "diff \"${PODS_PODFILE_DIR_PATH}/Podfile.lock\" \"${PODS_ROOT}/Manifest.lock\" > /dev/null\nif [ $? != 0 ] ; then\n    # print error to STDERR\n    echo \"error: The sandbox is not in sync with the Podfile.lock. Run 'pod install' or update your CocoaPods installation.\" >&2\n    exit 1\nfi\n# This output is used by Xcode 'outputs' to avoid re-running this script phase.\necho \"SUCCESS\" > \"${SCRIPT_OUTPUT_FILE_0}\"\n";
			showEnvVarsInLog = 0;
		};
/* End PBXShellScriptBuildPhase section */

/* Begin PBXSourcesBuildPhase section */
		7C302E02258DBDF60071471D /* Sources */ = {
			isa = PBXSourcesBuildPhase;
			buildActionMask = 2147483647;
			files = (
				7C302E37258DC45D0071471D /* PopularMoviesRequest.swift in Sources */,
				7C302E68258DCDD90071471D /* ReusableView.swift in Sources */,
				7C302E4A258DC6530071471D /* HTTPHeaderField.swift in Sources */,
				7C302E3D258DC5490071471D /* APIEndpoint.swift in Sources */,
				7C302E61258DCCC70071471D /* LogFormatter.swift in Sources */,
				7C302EA1258DE6660071471D /* DateHelper.swift in Sources */,
				7C302E9A258DDF260071471D /* ViewControllerFactory.swift in Sources */,
				7C302E0E258DBDF60071471D /* HomeVC.swift in Sources */,
				7C302E8F258DDB0D0071471D /* AppStrings.swift in Sources */,
				7C302E96258DDDCC0071471D /* GlobalHelpers.swift in Sources */,
				7C302E50258DC6BE0071471D /* MovieServiceRemote.swift in Sources */,
				7C302E2E258DC34A0071471D /* MovieLanguage.swift in Sources */,
				7C302E6B258DCDD90071471D /* StoryboardBased.swift in Sources */,
				7C302E3C258DC5490071471D /* APIClient.swift in Sources */,
				7C302E54258DCA700071471D /* Encodable+Extensions.swift in Sources */,
				7C302E47258DC62A0071471D /* HTTPContentType.swift in Sources */,
				7C302E83258DD7020071471D /* HomeSceneTableHeaderView.swift in Sources */,
				7C302E57258DCBC50071471D /* MovieService.swift in Sources */,
				7C302E0A258DBDF60071471D /* AppDelegate.swift in Sources */,
				7C302E7E258DD0820071471D /* MovieCell.swift in Sources */,
				7C302E89258DDA210071471D /* HomeNavVC.swift in Sources */,
				7C302E6A258DCDD90071471D /* UITableView+Convenience.swift in Sources */,
				7C302E28258DC2750071471D /* Movie.swift in Sources */,
				7C302E2B258DC3170071471D /* PopularMoviesResponse.swift in Sources */,
				7C302E69258DCDD90071471D /* NibBased.swift in Sources */,
				7C302E9E258DE0EA0071471D /* UIImage+Extensions.swift in Sources */,
				7C302E34258DC3B20071471D /* Constants.swift in Sources */,
				7C302E44258DC5EB0071471D /* Data+Extensions.swift in Sources */,
			);
			runOnlyForDeploymentPostprocessing = 0;
		};
/* End PBXSourcesBuildPhase section */

/* Begin PBXVariantGroup section */
		7C302E14258DBDF80071471D /* LaunchScreen.storyboard */ = {
			isa = PBXVariantGroup;
			children = (
				7C302E15258DBDF80071471D /* Base */,
			);
			name = LaunchScreen.storyboard;
			sourceTree = "<group>";
		};
/* End PBXVariantGroup section */

/* Begin XCBuildConfiguration section */
		7C302E18258DBDF80071471D /* Debug */ = {
			isa = XCBuildConfiguration;
			buildSettings = {
				ALWAYS_SEARCH_USER_PATHS = NO;
				CLANG_ANALYZER_NONNULL = YES;
				CLANG_ANALYZER_NUMBER_OBJECT_CONVERSION = YES_AGGRESSIVE;
				CLANG_CXX_LANGUAGE_STANDARD = "gnu++14";
				CLANG_CXX_LIBRARY = "libc++";
				CLANG_ENABLE_MODULES = YES;
				CLANG_ENABLE_OBJC_ARC = YES;
				CLANG_ENABLE_OBJC_WEAK = YES;
				CLANG_WARN_BLOCK_CAPTURE_AUTORELEASING = YES;
				CLANG_WARN_BOOL_CONVERSION = YES;
				CLANG_WARN_COMMA = YES;
				CLANG_WARN_CONSTANT_CONVERSION = YES;
				CLANG_WARN_DEPRECATED_OBJC_IMPLEMENTATIONS = YES;
				CLANG_WARN_DIRECT_OBJC_ISA_USAGE = YES_ERROR;
				CLANG_WARN_DOCUMENTATION_COMMENTS = YES;
				CLANG_WARN_EMPTY_BODY = YES;
				CLANG_WARN_ENUM_CONVERSION = YES;
				CLANG_WARN_INFINITE_RECURSION = YES;
				CLANG_WARN_INT_CONVERSION = YES;
				CLANG_WARN_NON_LITERAL_NULL_CONVERSION = YES;
				CLANG_WARN_OBJC_IMPLICIT_RETAIN_SELF = YES;
				CLANG_WARN_OBJC_LITERAL_CONVERSION = YES;
				CLANG_WARN_OBJC_ROOT_CLASS = YES_ERROR;
				CLANG_WARN_QUOTED_INCLUDE_IN_FRAMEWORK_HEADER = YES;
				CLANG_WARN_RANGE_LOOP_ANALYSIS = YES;
				CLANG_WARN_STRICT_PROTOTYPES = YES;
				CLANG_WARN_SUSPICIOUS_MOVE = YES;
				CLANG_WARN_UNGUARDED_AVAILABILITY = YES_AGGRESSIVE;
				CLANG_WARN_UNREACHABLE_CODE = YES;
				CLANG_WARN__DUPLICATE_METHOD_MATCH = YES;
				COPY_PHASE_STRIP = NO;
				DEBUG_INFORMATION_FORMAT = dwarf;
				ENABLE_STRICT_OBJC_MSGSEND = YES;
				ENABLE_TESTABILITY = YES;
				GCC_C_LANGUAGE_STANDARD = gnu11;
				GCC_DYNAMIC_NO_PIC = NO;
				GCC_NO_COMMON_BLOCKS = YES;
				GCC_OPTIMIZATION_LEVEL = 0;
				GCC_PREPROCESSOR_DEFINITIONS = (
					"DEBUG=1",
					"$(inherited)",
				);
				GCC_WARN_64_TO_32_BIT_CONVERSION = YES;
				GCC_WARN_ABOUT_RETURN_TYPE = YES_ERROR;
				GCC_WARN_UNDECLARED_SELECTOR = YES;
				GCC_WARN_UNINITIALIZED_AUTOS = YES_AGGRESSIVE;
				GCC_WARN_UNUSED_FUNCTION = YES;
				GCC_WARN_UNUSED_VARIABLE = YES;
				IPHONEOS_DEPLOYMENT_TARGET = 14.1;
				MTL_ENABLE_DEBUG_INFO = INCLUDE_SOURCE;
				MTL_FAST_MATH = YES;
				ONLY_ACTIVE_ARCH = YES;
				SDKROOT = iphoneos;
				SWIFT_ACTIVE_COMPILATION_CONDITIONS = DEBUG;
				SWIFT_OPTIMIZATION_LEVEL = "-Onone";
			};
			name = Debug;
		};
		7C302E19258DBDF80071471D /* Release */ = {
			isa = XCBuildConfiguration;
			buildSettings = {
				ALWAYS_SEARCH_USER_PATHS = NO;
				CLANG_ANALYZER_NONNULL = YES;
				CLANG_ANALYZER_NUMBER_OBJECT_CONVERSION = YES_AGGRESSIVE;
				CLANG_CXX_LANGUAGE_STANDARD = "gnu++14";
				CLANG_CXX_LIBRARY = "libc++";
				CLANG_ENABLE_MODULES = YES;
				CLANG_ENABLE_OBJC_ARC = YES;
				CLANG_ENABLE_OBJC_WEAK = YES;
				CLANG_WARN_BLOCK_CAPTURE_AUTORELEASING = YES;
				CLANG_WARN_BOOL_CONVERSION = YES;
				CLANG_WARN_COMMA = YES;
				CLANG_WARN_CONSTANT_CONVERSION = YES;
				CLANG_WARN_DEPRECATED_OBJC_IMPLEMENTATIONS = YES;
				CLANG_WARN_DIRECT_OBJC_ISA_USAGE = YES_ERROR;
				CLANG_WARN_DOCUMENTATION_COMMENTS = YES;
				CLANG_WARN_EMPTY_BODY = YES;
				CLANG_WARN_ENUM_CONVERSION = YES;
				CLANG_WARN_INFINITE_RECURSION = YES;
				CLANG_WARN_INT_CONVERSION = YES;
				CLANG_WARN_NON_LITERAL_NULL_CONVERSION = YES;
				CLANG_WARN_OBJC_IMPLICIT_RETAIN_SELF = YES;
				CLANG_WARN_OBJC_LITERAL_CONVERSION = YES;
				CLANG_WARN_OBJC_ROOT_CLASS = YES_ERROR;
				CLANG_WARN_QUOTED_INCLUDE_IN_FRAMEWORK_HEADER = YES;
				CLANG_WARN_RANGE_LOOP_ANALYSIS = YES;
				CLANG_WARN_STRICT_PROTOTYPES = YES;
				CLANG_WARN_SUSPICIOUS_MOVE = YES;
				CLANG_WARN_UNGUARDED_AVAILABILITY = YES_AGGRESSIVE;
				CLANG_WARN_UNREACHABLE_CODE = YES;
				CLANG_WARN__DUPLICATE_METHOD_MATCH = YES;
				COPY_PHASE_STRIP = NO;
				DEBUG_INFORMATION_FORMAT = "dwarf-with-dsym";
				ENABLE_NS_ASSERTIONS = NO;
				ENABLE_STRICT_OBJC_MSGSEND = YES;
				GCC_C_LANGUAGE_STANDARD = gnu11;
				GCC_NO_COMMON_BLOCKS = YES;
				GCC_WARN_64_TO_32_BIT_CONVERSION = YES;
				GCC_WARN_ABOUT_RETURN_TYPE = YES_ERROR;
				GCC_WARN_UNDECLARED_SELECTOR = YES;
				GCC_WARN_UNINITIALIZED_AUTOS = YES_AGGRESSIVE;
				GCC_WARN_UNUSED_FUNCTION = YES;
				GCC_WARN_UNUSED_VARIABLE = YES;
				IPHONEOS_DEPLOYMENT_TARGET = 14.1;
				MTL_ENABLE_DEBUG_INFO = NO;
				MTL_FAST_MATH = YES;
				SDKROOT = iphoneos;
				SWIFT_COMPILATION_MODE = wholemodule;
				SWIFT_OPTIMIZATION_LEVEL = "-O";
				VALIDATE_PRODUCT = YES;
			};
			name = Release;
		};
		7C302E1B258DBDF80071471D /* Debug */ = {
			isa = XCBuildConfiguration;
			baseConfigurationReference = 884BF33E7F8572A432D3FEF2 /* Pods-Grameenphone.debug.xcconfig */;
			buildSettings = {
				ASSETCATALOG_COMPILER_APPICON_NAME = AppIcon;
				ASSETCATALOG_COMPILER_GLOBAL_ACCENT_COLOR_NAME = AccentColor;
				CODE_SIGN_STYLE = Automatic;
				DEVELOPMENT_TEAM = 6B84R8H562;
				INFOPLIST_FILE = Grameenphone/Info.plist;
				LD_RUNPATH_SEARCH_PATHS = (
					"$(inherited)",
					"@executable_path/Frameworks",
				);
				PRODUCT_BUNDLE_IDENTIFIER = com.grameenphone.Grameenphone;
				PRODUCT_NAME = "$(TARGET_NAME)";
				SWIFT_VERSION = 5.0;
				TARGETED_DEVICE_FAMILY = "1,2";
			};
			name = Debug;
		};
		7C302E1C258DBDF80071471D /* Release */ = {
			isa = XCBuildConfiguration;
			baseConfigurationReference = BB10477B0A1260BD1D09F340 /* Pods-Grameenphone.release.xcconfig */;
			buildSettings = {
				ASSETCATALOG_COMPILER_APPICON_NAME = AppIcon;
				ASSETCATALOG_COMPILER_GLOBAL_ACCENT_COLOR_NAME = AccentColor;
				CODE_SIGN_STYLE = Automatic;
				DEVELOPMENT_TEAM = 6B84R8H562;
				INFOPLIST_FILE = Grameenphone/Info.plist;
				LD_RUNPATH_SEARCH_PATHS = (
					"$(inherited)",
					"@executable_path/Frameworks",
				);
				PRODUCT_BUNDLE_IDENTIFIER = com.grameenphone.Grameenphone;
				PRODUCT_NAME = "$(TARGET_NAME)";
				SWIFT_VERSION = 5.0;
				TARGETED_DEVICE_FAMILY = "1,2";
			};
			name = Release;
		};
/* End XCBuildConfiguration section */

/* Begin XCConfigurationList section */
		7C302E01258DBDF60071471D /* Build configuration list for PBXProject "Grameenphone" */ = {
			isa = XCConfigurationList;
			buildConfigurations = (
				7C302E18258DBDF80071471D /* Debug */,
				7C302E19258DBDF80071471D /* Release */,
			);
			defaultConfigurationIsVisible = 0;
			defaultConfigurationName = Release;
		};
		7C302E1A258DBDF80071471D /* Build configuration list for PBXNativeTarget "Grameenphone" */ = {
			isa = XCConfigurationList;
			buildConfigurations = (
				7C302E1B258DBDF80071471D /* Debug */,
				7C302E1C258DBDF80071471D /* Release */,
			);
			defaultConfigurationIsVisible = 0;
			defaultConfigurationName = Release;
		};
/* End XCConfigurationList section */
	};
	rootObject = 7C302DFE258DBDF60071471D /* Project object */;
}
